// !$*UTF8*$!
{
	archiveVersion = 1;
	classes = {
	};
	objectVersion = 48;
	objects = {

/* Begin PBXBuildFile section */
		6841D0B71F9093BB00109A49 /* GYIndexPathHeightCache.swift in Sources */ = {isa = PBXBuildFile; fileRef = 6841D0B61F9093BB00109A49 /* GYIndexPathHeightCache.swift */; };
		685437991F9091E7007C3721 /* AppDelegate.swift in Sources */ = {isa = PBXBuildFile; fileRef = 685437981F9091E7007C3721 /* AppDelegate.swift */; };
		6854379B1F9091E7007C3721 /* ViewController.swift in Sources */ = {isa = PBXBuildFile; fileRef = 6854379A1F9091E7007C3721 /* ViewController.swift */; };
		6854379E1F9091E7007C3721 /* Main.storyboard in Resources */ = {isa = PBXBuildFile; fileRef = 6854379C1F9091E7007C3721 /* Main.storyboard */; };
		685437A01F9091E7007C3721 /* Assets.xcassets in Resources */ = {isa = PBXBuildFile; fileRef = 6854379F1F9091E7007C3721 /* Assets.xcassets */; };
		685437A31F9091E7007C3721 /* LaunchScreen.storyboard in Resources */ = {isa = PBXBuildFile; fileRef = 685437A11F9091E7007C3721 /* LaunchScreen.storyboard */; };
		685437AE1F9091E7007C3721 /* GYLayoutCellTests.swift in Sources */ = {isa = PBXBuildFile; fileRef = 685437AD1F9091E7007C3721 /* GYLayoutCellTests.swift */; };
		685437B91F9091E8007C3721 /* GYLayoutCellUITests.swift in Sources */ = {isa = PBXBuildFile; fileRef = 685437B81F9091E8007C3721 /* GYLayoutCellUITests.swift */; };
/* End PBXBuildFile section */

/* Begin PBXContainerItemProxy section */
		685437AA1F9091E7007C3721 /* PBXContainerItemProxy */ = {
			isa = PBXContainerItemProxy;
			containerPortal = 6854378D1F9091E7007C3721 /* Project object */;
			proxyType = 1;
			remoteGlobalIDString = 685437941F9091E7007C3721;
			remoteInfo = GYLayoutCell;
		};
		685437B51F9091E8007C3721 /* PBXContainerItemProxy */ = {
			isa = PBXContainerItemProxy;
			containerPortal = 6854378D1F9091E7007C3721 /* Project object */;
			proxyType = 1;
			remoteGlobalIDString = 685437941F9091E7007C3721;
			remoteInfo = GYLayoutCell;
		};
/* End PBXContainerItemProxy section */

/* Begin PBXFileReference section */
		6841D0B61F9093BB00109A49 /* GYIndexPathHeightCache.swift */ = {isa = PBXFileReference; lastKnownFileType = sourcecode.swift; path = GYIndexPathHeightCache.swift; sourceTree = "<group>"; };
		685437951F9091E7007C3721 /* GYLayoutCell.app */ = {isa = PBXFileReference; explicitFileType = wrapper.application; includeInIndex = 0; path = GYLayoutCell.app; sourceTree = BUILT_PRODUCTS_DIR; };
		685437981F9091E7007C3721 /* AppDelegate.swift */ = {isa = PBXFileReference; lastKnownFileType = sourcecode.swift; path = AppDelegate.swift; sourceTree = "<group>"; };
		6854379A1F9091E7007C3721 /* ViewController.swift */ = {isa = PBXFileReference; lastKnownFileType = sourcecode.swift; path = ViewController.swift; sourceTree = "<group>"; };
		6854379D1F9091E7007C3721 /* Base */ = {isa = PBXFileReference; lastKnownFileType = file.storyboard; name = Base; path = Base.lproj/Main.storyboard; sourceTree = "<group>"; };
		6854379F1F9091E7007C3721 /* Assets.xcassets */ = {isa = PBXFileReference; lastKnownFileType = folder.assetcatalog; path = Assets.xcassets; sourceTree = "<group>"; };
		685437A21F9091E7007C3721 /* Base */ = {isa = PBXFileReference; lastKnownFileType = file.storyboard; name = Base; path = Base.lproj/LaunchScreen.storyboard; sourceTree = "<group>"; };
		685437A41F9091E7007C3721 /* Info.plist */ = {isa = PBXFileReference; lastKnownFileType = text.plist.xml; path = Info.plist; sourceTree = "<group>"; };
		685437A91F9091E7007C3721 /* GYLayoutCellTests.xctest */ = {isa = PBXFileReference; explicitFileType = wrapper.cfbundle; includeInIndex = 0; path = GYLayoutCellTests.xctest; sourceTree = BUILT_PRODUCTS_DIR; };
		685437AD1F9091E7007C3721 /* GYLayoutCellTests.swift */ = {isa = PBXFileReference; lastKnownFileType = sourcecode.swift; path = GYLayoutCellTests.swift; sourceTree = "<group>"; };
		685437AF1F9091E7007C3721 /* Info.plist */ = {isa = PBXFileReference; lastKnownFileType = text.plist.xml; path = Info.plist; sourceTree = "<group>"; };
		685437B41F9091E8007C3721 /* GYLayoutCellUITests.xctest */ = {isa = PBXFileReference; explicitFileType = wrapper.cfbundle; includeInIndex = 0; path = GYLayoutCellUITests.xctest; sourceTree = BUILT_PRODUCTS_DIR; };
		685437B81F9091E8007C3721 /* GYLayoutCellUITests.swift */ = {isa = PBXFileReference; lastKnownFileType = sourcecode.swift; path = GYLayoutCellUITests.swift; sourceTree = "<group>"; };
		685437BA1F9091E8007C3721 /* Info.plist */ = {isa = PBXFileReference; lastKnownFileType = text.plist.xml; path = Info.plist; sourceTree = "<group>"; };
/* End PBXFileReference section */

/* Begin PBXFrameworksBuildPhase section */
		685437921F9091E7007C3721 /* Frameworks */ = {
			isa = PBXFrameworksBuildPhase;
			buildActionMask = 2147483647;
			files = (
			);
			runOnlyForDeploymentPostprocessing = 0;
		};
		685437A61F9091E7007C3721 /* Frameworks */ = {
			isa = PBXFrameworksBuildPhase;
			buildActionMask = 2147483647;
			files = (
			);
			runOnlyForDeploymentPostprocessing = 0;
		};
		685437B11F9091E8007C3721 /* Frameworks */ = {
			isa = PBXFrameworksBuildPhase;
			buildActionMask = 2147483647;
			files = (
			);
			runOnlyForDeploymentPostprocessing = 0;
		};
/* End PBXFrameworksBuildPhase section */

/* Begin PBXGroup section */
		6854378C1F9091E7007C3721 = {
			isa = PBXGroup;
			children = (
				685437971F9091E7007C3721 /* GYLayoutCell */,
				685437AC1F9091E7007C3721 /* GYLayoutCellTests */,
				685437B71F9091E8007C3721 /* GYLayoutCellUITests */,
				685437961F9091E7007C3721 /* Products */,
			);
			sourceTree = "<group>";
		};
		685437961F9091E7007C3721 /* Products */ = {
			isa = PBXGroup;
			children = (
				685437951F9091E7007C3721 /* GYLayoutCell.app */,
				685437A91F9091E7007C3721 /* GYLayoutCellTests.xctest */,
				685437B41F9091E8007C3721 /* GYLayoutCellUITests.xctest */,
			);
			name = Products;
			sourceTree = "<group>";
		};
		685437971F9091E7007C3721 /* GYLayoutCell */ = {
			isa = PBXGroup;
			children = (
				685437C61F909268007C3721 /* Classes */,
				685437981F9091E7007C3721 /* AppDelegate.swift */,
				6854379A1F9091E7007C3721 /* ViewController.swift */,
				6854379C1F9091E7007C3721 /* Main.storyboard */,
				6854379F1F9091E7007C3721 /* Assets.xcassets */,
				685437A11F9091E7007C3721 /* LaunchScreen.storyboard */,
				685437A41F9091E7007C3721 /* Info.plist */,
			);
			path = GYLayoutCell;
			sourceTree = "<group>";
		};
		685437AC1F9091E7007C3721 /* GYLayoutCellTests */ = {
			isa = PBXGroup;
			children = (
				685437AD1F9091E7007C3721 /* GYLayoutCellTests.swift */,
				685437AF1F9091E7007C3721 /* Info.plist */,
			);
			path = GYLayoutCellTests;
			sourceTree = "<group>";
		};
		685437B71F9091E8007C3721 /* GYLayoutCellUITests */ = {
			isa = PBXGroup;
			children = (
				685437B81F9091E8007C3721 /* GYLayoutCellUITests.swift */,
				685437BA1F9091E8007C3721 /* Info.plist */,
			);
			path = GYLayoutCellUITests;
			sourceTree = "<group>";
		};
		685437C61F909268007C3721 /* Classes */ = {
			isa = PBXGroup;
			children = (
				6841D0B61F9093BB00109A49 /* GYIndexPathHeightCache.swift */,
			);
			path = Classes;
			sourceTree = "<group>";
		};
/* End PBXGroup section */

/* Begin PBXNativeTarget section */
		685437941F9091E7007C3721 /* GYLayoutCell */ = {
			isa = PBXNativeTarget;
			buildConfigurationList = 685437BD1F9091E8007C3721 /* Build configuration list for PBXNativeTarget "GYLayoutCell" */;
			buildPhases = (
				685437911F9091E7007C3721 /* Sources */,
				685437921F9091E7007C3721 /* Frameworks */,
				685437931F9091E7007C3721 /* Resources */,
			);
			buildRules = (
			);
			dependencies = (
			);
			name = GYLayoutCell;
			productName = GYLayoutCell;
			productReference = 685437951F9091E7007C3721 /* GYLayoutCell.app */;
			productType = "com.apple.product-type.application";
		};
		685437A81F9091E7007C3721 /* GYLayoutCellTests */ = {
			isa = PBXNativeTarget;
			buildConfigurationList = 685437C01F9091E8007C3721 /* Build configuration list for PBXNativeTarget "GYLayoutCellTests" */;
			buildPhases = (
				685437A51F9091E7007C3721 /* Sources */,
				685437A61F9091E7007C3721 /* Frameworks */,
				685437A71F9091E7007C3721 /* Resources */,
			);
			buildRules = (
			);
			dependencies = (
				685437AB1F9091E7007C3721 /* PBXTargetDependency */,
			);
			name = GYLayoutCellTests;
			productName = GYLayoutCellTests;
			productReference = 685437A91F9091E7007C3721 /* GYLayoutCellTests.xctest */;
			productType = "com.apple.product-type.bundle.unit-test";
		};
		685437B31F9091E8007C3721 /* GYLayoutCellUITests */ = {
			isa = PBXNativeTarget;
			buildConfigurationList = 685437C31F9091E8007C3721 /* Build configuration list for PBXNativeTarget "GYLayoutCellUITests" */;
			buildPhases = (
				685437B01F9091E8007C3721 /* Sources */,
				685437B11F9091E8007C3721 /* Frameworks */,
				685437B21F9091E8007C3721 /* Resources */,
			);
			buildRules = (
			);
			dependencies = (
				685437B61F9091E8007C3721 /* PBXTargetDependency */,
			);
			name = GYLayoutCellUITests;
			productName = GYLayoutCellUITests;
			productReference = 685437B41F9091E8007C3721 /* GYLayoutCellUITests.xctest */;
			productType = "com.apple.product-type.bundle.ui-testing";
		};
/* End PBXNativeTarget section */

/* Begin PBXProject section */
		6854378D1F9091E7007C3721 /* Project object */ = {
			isa = PBXProject;
			attributes = {
				LastSwiftUpdateCheck = 0900;
				LastUpgradeCheck = 0900;
				ORGANIZATIONNAME = macpro;
				TargetAttributes = {
					685437941F9091E7007C3721 = {
						CreatedOnToolsVersion = 9.0;
						ProvisioningStyle = Automatic;
					};
					685437A81F9091E7007C3721 = {
						CreatedOnToolsVersion = 9.0;
						ProvisioningStyle = Automatic;
						TestTargetID = 685437941F9091E7007C3721;
					};
					685437B31F9091E8007C3721 = {
						CreatedOnToolsVersion = 9.0;
						ProvisioningStyle = Automatic;
						TestTargetID = 685437941F9091E7007C3721;
					};
				};
			};
			buildConfigurationList = 685437901F9091E7007C3721 /* Build configuration list for PBXProject "GYLayoutCell" */;
			compatibilityVersion = "Xcode 8.0";
			developmentRegion = en;
			hasScannedForEncodings = 0;
			knownRegions = (
				en,
				Base,
			);
			mainGroup = 6854378C1F9091E7007C3721;
			productRefGroup = 685437961F9091E7007C3721 /* Products */;
			projectDirPath = "";
			projectRoot = "";
			targets = (
				685437941F9091E7007C3721 /* GYLayoutCell */,
				685437A81F9091E7007C3721 /* GYLayoutCellTests */,
				685437B31F9091E8007C3721 /* GYLayoutCellUITests */,
			);
		};
/* End PBXProject section */

/* Begin PBXResourcesBuildPhase section */
		685437931F9091E7007C3721 /* Resources */ = {
			isa = PBXResourcesBuildPhase;
			buildActionMask = 2147483647;
			files = (
				685437A31F9091E7007C3721 /* LaunchScreen.storyboard in Resources */,
				685437A01F9091E7007C3721 /* Assets.xcassets in Resources */,
				6854379E1F9091E7007C3721 /* Main.storyboard in Resources */,
			);
			runOnlyForDeploymentPostprocessing = 0;
		};
		685437A71F9091E7007C3721 /* Resources */ = {
			isa = PBXResourcesBuildPhase;
			buildActionMask = 2147483647;
			files = (
			);
			runOnlyForDeploymentPostprocessing = 0;
		};
		685437B21F9091E8007C3721 /* Resources */ = {
			isa = PBXResourcesBuildPhase;
			buildActionMask = 2147483647;
			files = (
			);
			runOnlyForDeploymentPostprocessing = 0;
		};
/* End PBXResourcesBuildPhase section */

/* Begin PBXSourcesBuildPhase section */
		685437911F9091E7007C3721 /* Sources */ = {
			isa = PBXSourcesBuildPhase;
			buildActionMask = 2147483647;
			files = (
				6841D0B71F9093BB00109A49 /* GYIndexPathHeightCache.swift in Sources */,
				6854379B1F9091E7007C3721 /* ViewController.swift in Sources */,
				685437991F9091E7007C3721 /* AppDelegate.swift in Sources */,
			);
			runOnlyForDeploymentPostprocessing = 0;
		};
		685437A51F9091E7007C3721 /* Sources */ = {
			isa = PBXSourcesBuildPhase;
			buildActionMask = 2147483647;
			files = (
				685437AE1F9091E7007C3721 /* GYLayoutCellTests.swift in Sources */,
			);
			runOnlyForDeploymentPostprocessing = 0;
		};
		685437B01F9091E8007C3721 /* Sources */ = {
			isa = PBXSourcesBuildPhase;
			buildActionMask = 2147483647;
			files = (
				685437B91F9091E8007C3721 /* GYLayoutCellUITests.swift in Sources */,
			);
			runOnlyForDeploymentPostprocessing = 0;
		};
/* End PBXSourcesBuildPhase section */

/* Begin PBXTargetDependency section */
		685437AB1F9091E7007C3721 /* PBXTargetDependency */ = {
			isa = PBXTargetDependency;
			target = 685437941F9091E7007C3721 /* GYLayoutCell */;
			targetProxy = 685437AA1F9091E7007C3721 /* PBXContainerItemProxy */;
		};
		685437B61F9091E8007C3721 /* PBXTargetDependency */ = {
			isa = PBXTargetDependency;
			target = 685437941F9091E7007C3721 /* GYLayoutCell */;
			targetProxy = 685437B51F9091E8007C3721 /* PBXContainerItemProxy */;
		};
/* End PBXTargetDependency section */

/* Begin PBXVariantGroup section */
		6854379C1F9091E7007C3721 /* Main.storyboard */ = {
			isa = PBXVariantGroup;
			children = (
				6854379D1F9091E7007C3721 /* Base */,
			);
			name = Main.storyboard;
			sourceTree = "<group>";
		};
		685437A11F9091E7007C3721 /* LaunchScreen.storyboard */ = {
			isa = PBXVariantGroup;
			children = (
				685437A21F9091E7007C3721 /* Base */,
			);
			name = LaunchScreen.storyboard;
			sourceTree = "<group>";
		};
/* End PBXVariantGroup section */

/* Begin XCBuildConfiguration section */
		685437BB1F9091E8007C3721 /* Debug */ = {
			isa = XCBuildConfiguration;
			buildSettings = {
				ALWAYS_SEARCH_USER_PATHS = NO;
				CLANG_ANALYZER_NONNULL = YES;
				CLANG_ANALYZER_NUMBER_OBJECT_CONVERSION = YES_AGGRESSIVE;
				CLANG_CXX_LANGUAGE_STANDARD = "gnu++14";
				CLANG_CXX_LIBRARY = "libc++";
				CLANG_ENABLE_MODULES = YES;
				CLANG_ENABLE_OBJC_ARC = YES;
				CLANG_WARN_BLOCK_CAPTURE_AUTORELEASING = YES;
				CLANG_WARN_BOOL_CONVERSION = YES;
				CLANG_WARN_COMMA = YES;
				CLANG_WARN_CONSTANT_CONVERSION = YES;
				CLANG_WARN_DIRECT_OBJC_ISA_USAGE = YES_ERROR;
				CLANG_WARN_DOCUMENTATION_COMMENTS = YES;
				CLANG_WARN_EMPTY_BODY = YES;
				CLANG_WARN_ENUM_CONVERSION = YES;
				CLANG_WARN_INFINITE_RECURSION = YES;
				CLANG_WARN_INT_CONVERSION = YES;
				CLANG_WARN_NON_LITERAL_NULL_CONVERSION = YES;
				CLANG_WARN_OBJC_LITERAL_CONVERSION = YES;
				CLANG_WARN_OBJC_ROOT_CLASS = YES_ERROR;
				CLANG_WARN_RANGE_LOOP_ANALYSIS = YES;
				CLANG_WARN_STRICT_PROTOTYPES = YES;
				CLANG_WARN_SUSPICIOUS_MOVE = YES;
				CLANG_WARN_UNGUARDED_AVAILABILITY = YES_AGGRESSIVE;
				CLANG_WARN_UNREACHABLE_CODE = YES;
				CLANG_WARN__DUPLICATE_METHOD_MATCH = YES;
				CODE_SIGN_IDENTITY = "iPhone Developer";
				COPY_PHASE_STRIP = NO;
				DEBUG_INFORMATION_FORMAT = dwarf;
				ENABLE_STRICT_OBJC_MSGSEND = YES;
				ENABLE_TESTABILITY = YES;
				GCC_C_LANGUAGE_STANDARD = gnu11;
				GCC_DYNAMIC_NO_PIC = NO;
				GCC_NO_COMMON_BLOCKS = YES;
				GCC_OPTIMIZATION_LEVEL = 0;
				GCC_PREPROCESSOR_DEFINITIONS = (
					"DEBUG=1",
					"$(inherited)",
				);
				GCC_WARN_64_TO_32_BIT_CONVERSION = YES;
				GCC_WARN_ABOUT_RETURN_TYPE = YES_ERROR;
				GCC_WARN_UNDECLARED_SELECTOR = YES;
				GCC_WARN_UNINITIALIZED_AUTOS = YES_AGGRESSIVE;
				GCC_WARN_UNUSED_FUNCTION = YES;
				GCC_WARN_UNUSED_VARIABLE = YES;
				IPHONEOS_DEPLOYMENT_TARGET = 11.0;
				MTL_ENABLE_DEBUG_INFO = YES;
				ONLY_ACTIVE_ARCH = YES;
				SDKROOT = iphoneos;
				SWIFT_ACTIVE_COMPILATION_CONDITIONS = DEBUG;
				SWIFT_OPTIMIZATION_LEVEL = "-Onone";
			};
			name = Debug;
		};
		685437BC1F9091E8007C3721 /* Release */ = {
			isa = XCBuildConfiguration;
			buildSettings = {
				ALWAYS_SEARCH_USER_PATHS = NO;
				CLANG_ANALYZER_NONNULL = YES;
				CLANG_ANALYZER_NUMBER_OBJECT_CONVERSION = YES_AGGRESSIVE;
				CLANG_CXX_LANGUAGE_STANDARD = "gnu++14";
				CLANG_CXX_LIBRARY = "libc++";
				CLANG_ENABLE_MODULES = YES;
				CLANG_ENABLE_OBJC_ARC = YES;
				CLANG_WARN_BLOCK_CAPTURE_AUTORELEASING = YES;
				CLANG_WARN_BOOL_CONVERSION = YES;
				CLANG_WARN_COMMA = YES;
				CLANG_WARN_CONSTANT_CONVERSION = YES;
				CLANG_WARN_DIRECT_OBJC_ISA_USAGE = YES_ERROR;
				CLANG_WARN_DOCUMENTATION_COMMENTS = YES;
				CLANG_WARN_EMPTY_BODY = YES;
				CLANG_WARN_ENUM_CONVERSION = YES;
				CLANG_WARN_INFINITE_RECURSION = YES;
				CLANG_WARN_INT_CONVERSION = YES;
				CLANG_WARN_NON_LITERAL_NULL_CONVERSION = YES;
				CLANG_WARN_OBJC_LITERAL_CONVERSION = YES;
				CLANG_WARN_OBJC_ROOT_CLASS = YES_ERROR;
				CLANG_WARN_RANGE_LOOP_ANALYSIS = YES;
				CLANG_WARN_STRICT_PROTOTYPES = YES;
				CLANG_WARN_SUSPICIOUS_MOVE = YES;
				CLANG_WARN_UNGUARDED_AVAILABILITY = YES_AGGRESSIVE;
				CLANG_WARN_UNREACHABLE_CODE = YES;
				CLANG_WARN__DUPLICATE_METHOD_MATCH = YES;
				CODE_SIGN_IDENTITY = "iPhone Developer";
				COPY_PHASE_STRIP = NO;
				DEBUG_INFORMATION_FORMAT = "dwarf-with-dsym";
				ENABLE_NS_ASSERTIONS = NO;
				ENABLE_STRICT_OBJC_MSGSEND = YES;
				GCC_C_LANGUAGE_STANDARD = gnu11;
				GCC_NO_COMMON_BLOCKS = YES;
				GCC_WARN_64_TO_32_BIT_CONVERSION = YES;
				GCC_WARN_ABOUT_RETURN_TYPE = YES_ERROR;
				GCC_WARN_UNDECLARED_SELECTOR = YES;
				GCC_WARN_UNINITIALIZED_AUTOS = YES_AGGRESSIVE;
				GCC_WARN_UNUSED_FUNCTION = YES;
				GCC_WARN_UNUSED_VARIABLE = YES;
				IPHONEOS_DEPLOYMENT_TARGET = 11.0;
				MTL_ENABLE_DEBUG_INFO = NO;
				SDKROOT = iphoneos;
				SWIFT_OPTIMIZATION_LEVEL = "-Owholemodule";
				VALIDATE_PRODUCT = YES;
			};
			name = Release;
		};
		685437BE1F9091E8007C3721 /* Debug */ = {
			isa = XCBuildConfiguration;
			buildSettings = {
				ASSETCATALOG_COMPILER_APPICON_NAME = AppIcon;
				CODE_SIGN_STYLE = Automatic;
				DEVELOPMENT_TEAM = UZZG6NM74T;
				INFOPLIST_FILE = GYLayoutCell/Info.plist;
				IPHONEOS_DEPLOYMENT_TARGET = 10.0;
				LD_RUNPATH_SEARCH_PATHS = "$(inherited) @executable_path/Frameworks";
				PRODUCT_BUNDLE_IDENTIFIER = com.Giant.GYLayoutCell;
				PRODUCT_NAME = "$(TARGET_NAME)";
				SWIFT_VERSION = 4.0;
				TARGETED_DEVICE_FAMILY = "1,2";
			};
			name = Debug;
		};
		685437BF1F9091E8007C3721 /* Release */ = {
			isa = XCBuildConfiguration;
			buildSettings = {
				ASSETCATALOG_COMPILER_APPICON_NAME = AppIcon;
				CODE_SIGN_STYLE = Automatic;
				DEVELOPMENT_TEAM = UZZG6NM74T;
				INFOPLIST_FILE = GYLayoutCell/Info.plist;
				IPHONEOS_DEPLOYMENT_TARGET = 10.0;
				LD_RUNPATH_SEARCH_PATHS = "$(inherited) @executable_path/Frameworks";
				PRODUCT_BUNDLE_IDENTIFIER = com.Giant.GYLayoutCell;
				PRODUCT_NAME = "$(TARGET_NAME)";
				SWIFT_VERSION = 4.0;
				TARGETED_DEVICE_FAMILY = "1,2";
			};
			name = Release;
		};
		685437C11F9091E8007C3721 /* Debug */ = {
			isa = XCBuildConfiguration;
			buildSettings = {
				ALWAYS_EMBED_SWIFT_STANDARD_LIBRARIES = YES;
				BUNDLE_LOADER = "$(TEST_HOST)";
				CODE_SIGN_STYLE = Automatic;
				DEVELOPMENT_TEAM = UZZG6NM74T;
				INFOPLIST_FILE = GYLayoutCellTests/Info.plist;
				LD_RUNPATH_SEARCH_PATHS = "$(inherited) @executable_path/Frameworks @loader_path/Frameworks";
				PRODUCT_BUNDLE_IDENTIFIER = com.Giant.GYLayoutCellTests;
				PRODUCT_NAME = "$(TARGET_NAME)";
				SWIFT_VERSION = 4.0;
				TARGETED_DEVICE_FAMILY = "1,2";
				TEST_HOST = "$(BUILT_PRODUCTS_DIR)/GYLayoutCell.app/GYLayoutCell";
			};
			name = Debug;
		};
		685437C21F9091E8007C3721 /* Release */ = {
			isa = XCBuildConfiguration;
			buildSettings = {
				ALWAYS_EMBED_SWIFT_STANDARD_LIBRARIES = YES;
				BUNDLE_LOADER = "$(TEST_HOST)";
				CODE_SIGN_STYLE = Automatic;
				DEVELOPMENT_TEAM = UZZG6NM74T;
				INFOPLIST_FILE = GYLayoutCellTests/Info.plist;
				LD_RUNPATH_SEARCH_PATHS = "$(inherited) @executable_path/Frameworks @loader_path/Frameworks";
				PRODUCT_BUNDLE_IDENTIFIER = com.Giant.GYLayoutCellTests;
				PRODUCT_NAME = "$(TARGET_NAME)";
				SWIFT_VERSION = 4.0;
				TARGETED_DEVICE_FAMILY = "1,2";
				TEST_HOST = "$(BUILT_PRODUCTS_DIR)/GYLayoutCell.app/GYLayoutCell";
			};
			name = Release;
		};
		685437C41F9091E8007C3721 /* Debug */ = {
			isa = XCBuildConfiguration;
			buildSettings = {
				ALWAYS_EMBED_SWIFT_STANDARD_LIBRARIES = YES;
				CODE_SIGN_STYLE = Automatic;
				DEVELOPMENT_TEAM = UZZG6NM74T;
				INFOPLIST_FILE = GYLayoutCellUITests/Info.plist;
				LD_RUNPATH_SEARCH_PATHS = "$(inherited) @executable_path/Frameworks @loader_path/Frameworks";
				PRODUCT_BUNDLE_IDENTIFIER = com.Giant.GYLayoutCellUITests;
				PRODUCT_NAME = "$(TARGET_NAME)";
				SWIFT_VERSION = 4.0;
				TARGETED_DEVICE_FAMILY = "1,2";
				TEST_TARGET_NAME = GYLayoutCell;
			};
			name = Debug;
		};
		685437C51F9091E8007C3721 /* Release */ = {
			isa = XCBuildConfiguration;
			buildSettings = {
				ALWAYS_EMBED_SWIFT_STANDARD_LIBRARIES = YES;
				CODE_SIGN_STYLE = Automatic;
				DEVELOPMENT_TEAM = UZZG6NM74T;
				INFOPLIST_FILE = GYLayoutCellUITests/Info.plist;
				LD_RUNPATH_SEARCH_PATHS = "$(inherited) @executable_path/Frameworks @loader_path/Frameworks";
				PRODUCT_BUNDLE_IDENTIFIER = com.Giant.GYLayoutCellUITests;
				PRODUCT_NAME = "$(TARGET_NAME)";
				SWIFT_VERSION = 4.0;
				TARGETED_DEVICE_FAMILY = "1,2";
				TEST_TARGET_NAME = GYLayoutCell;
			};
			name = Release;
		};
/* End XCBuildConfiguration section */

/* Begin XCConfigurationList section */
		685437901F9091E7007C3721 /* Build configuration list for PBXProject "GYLayoutCell" */ = {
			isa = XCConfigurationList;
			buildConfigurations = (
				685437BB1F9091E8007C3721 /* Debug */,
				685437BC1F9091E8007C3721 /* Release */,
			);
			defaultConfigurationIsVisible = 0;
			defaultConfigurationName = Release;
		};
		685437BD1F9091E8007C3721 /* Build configuration list for PBXNativeTarget "GYLayoutCell" */ = {
			isa = XCConfigurationList;
			buildConfigurations = (
				685437BE1F9091E8007C3721 /* Debug */,
				685437BF1F9091E8007C3721 /* Release */,
			);
			defaultConfigurationIsVisible = 0;
			defaultConfigurationName = Release;
		};
		685437C01F9091E8007C3721 /* Build configuration list for PBXNativeTarget "GYLayoutCellTests" */ = {
			isa = XCConfigurationList;
			buildConfigurations = (
				685437C11F9091E8007C3721 /* Debug */,
				685437C21F9091E8007C3721 /* Release */,
			);
			defaultConfigurationIsVisible = 0;
			defaultConfigurationName = Release;
		};
		685437C31F9091E8007C3721 /* Build configuration list for PBXNativeTarget "GYLayoutCellUITests" */ = {
			isa = XCConfigurationList;
			buildConfigurations = (
				685437C41F9091E8007C3721 /* Debug */,
				685437C51F9091E8007C3721 /* Release */,
			);
			defaultConfigurationIsVisible = 0;
			defaultConfigurationName = Release;
		};
/* End XCConfigurationList section */
	};
	rootObject = 6854378D1F9091E7007C3721 /* Project object */;
}
